
Microsoft Visual Studio Solution File, Format Version 12.00
# Visual Studio Version 17
VisualStudioVersion = 17.4.33213.308
MinimumVisualStudioVersion = 10.0.40219.1
Project("{FAE04EC0-301F-11D3-BF4B-00C04F79EFBC}") = "singleTonDesign", "singleTonDesign.csproj", "{4920B230-4D04-4911-A603-38CCDFC99E40}"
EndProject
Global
	GlobalSection(SolutionConfigurationPlatforms) = preSolution
		Debug|Any CPU = Debug|Any CPU
		Release|Any CPU = Release|Any CPU
	EndGlobalSection
	GlobalSection(ProjectConfigurationPlatforms) = postSolution
		{4920B230-4D04-4911-A603-38CCDFC99E40}.Debug|Any CPU.ActiveCfg = Debug|Any CPU
		{4920B230-4D04-4911-A603-38CCDFC99E40}.Debug|Any CPU.Build.0 = Debug|Any CPU
		{4920B230-4D04-4911-A603-38CCDFC99E40}.Release|Any CPU.ActiveCfg = Release|Any CPU
		{4920B230-4D04-4911-A603-38CCDFC99E40}.Release|Any CPU.Build.0 = Release|Any CPU
	EndGlobalSection
	GlobalSection(SolutionProperties) = preSolution
		HideSolutionNode = FALSE
	EndGlobalSection
	GlobalSection(ExtensibilityGlobals) = postSolution
		SolutionGuid = {2B9F930F-D81F-421C-B3E8-53EDFC0C66D6}
	EndGlobalSection
EndGlobal
