
Microsoft Visual Studio Solution File, Format Version 12.00
# Visual Studio Version 17
VisualStudioVersion = 17.4.33213.308
MinimumVisualStudioVersion = 10.0.40219.1
Project("{FAE04EC0-301F-11D3-BF4B-00C04F79EFBC}") = "delegates", "delegates.csproj", "{811ADB6F-F15B-463D-A46C-BE716EADDBD0}"
EndProject
Global
	GlobalSection(SolutionConfigurationPlatforms) = preSolution
		Debug|Any CPU = Debug|Any CPU
		Release|Any CPU = Release|Any CPU
	EndGlobalSection
	GlobalSection(ProjectConfigurationPlatforms) = postSolution
		{811ADB6F-F15B-463D-A46C-BE716EADDBD0}.Debug|Any CPU.ActiveCfg = Debug|Any CPU
		{811ADB6F-F15B-463D-A46C-BE716EADDBD0}.Debug|Any CPU.Build.0 = Debug|Any CPU
		{811ADB6F-F15B-463D-A46C-BE716EADDBD0}.Release|Any CPU.ActiveCfg = Release|Any CPU
		{811ADB6F-F15B-463D-A46C-BE716EADDBD0}.Release|Any CPU.Build.0 = Release|Any CPU
	EndGlobalSection
	GlobalSection(SolutionProperties) = preSolution
		HideSolutionNode = FALSE
	EndGlobalSection
	GlobalSection(ExtensibilityGlobals) = postSolution
		SolutionGuid = {2D9B4F5C-ECC2-42E3-A7A6-FD5220575CA4}
	EndGlobalSection
EndGlobal
