
Microsoft Visual Studio Solution File, Format Version 12.00
# Visual Studio Version 17
VisualStudioVersion = 17.4.33213.308
MinimumVisualStudioVersion = 10.0.40219.1
Project("{FAE04EC0-301F-11D3-BF4B-00C04F79EFBC}") = "count_ones", "count_ones.csproj", "{76EAC54A-6850-4DF2-A158-E873DB34C425}"
EndProject
Global
	GlobalSection(SolutionConfigurationPlatforms) = preSolution
		Debug|Any CPU = Debug|Any CPU
		Release|Any CPU = Release|Any CPU
	EndGlobalSection
	GlobalSection(ProjectConfigurationPlatforms) = postSolution
		{76EAC54A-6850-4DF2-A158-E873DB34C425}.Debug|Any CPU.ActiveCfg = Debug|Any CPU
		{76EAC54A-6850-4DF2-A158-E873DB34C425}.Debug|Any CPU.Build.0 = Debug|Any CPU
		{76EAC54A-6850-4DF2-A158-E873DB34C425}.Release|Any CPU.ActiveCfg = Release|Any CPU
		{76EAC54A-6850-4DF2-A158-E873DB34C425}.Release|Any CPU.Build.0 = Release|Any CPU
	EndGlobalSection
	GlobalSection(SolutionProperties) = preSolution
		HideSolutionNode = FALSE
	EndGlobalSection
	GlobalSection(ExtensibilityGlobals) = postSolution
		SolutionGuid = {0ADBC0D4-4B4E-427F-858F-D84E01491FE3}
	EndGlobalSection
EndGlobal
