
Microsoft Visual Studio Solution File, Format Version 12.00
# Visual Studio Version 17
VisualStudioVersion = 17.4.33213.308
MinimumVisualStudioVersion = 10.0.40219.1
Project("{FAE04EC0-301F-11D3-BF4B-00C04F79EFBC}") = "mickey", "mickey.csproj", "{3B224434-9070-4761-B6A1-95F153986FF1}"
EndProject
Global
	GlobalSection(SolutionConfigurationPlatforms) = preSolution
		Debug|Any CPU = Debug|Any CPU
		Release|Any CPU = Release|Any CPU
	EndGlobalSection
	GlobalSection(ProjectConfigurationPlatforms) = postSolution
		{3B224434-9070-4761-B6A1-95F153986FF1}.Debug|Any CPU.ActiveCfg = Debug|Any CPU
		{3B224434-9070-4761-B6A1-95F153986FF1}.Debug|Any CPU.Build.0 = Debug|Any CPU
		{3B224434-9070-4761-B6A1-95F153986FF1}.Release|Any CPU.ActiveCfg = Release|Any CPU
		{3B224434-9070-4761-B6A1-95F153986FF1}.Release|Any CPU.Build.0 = Release|Any CPU
	EndGlobalSection
	GlobalSection(SolutionProperties) = preSolution
		HideSolutionNode = FALSE
	EndGlobalSection
	GlobalSection(ExtensibilityGlobals) = postSolution
		SolutionGuid = {C1704443-7C6C-49EB-B14E-BA7C73481CD6}
	EndGlobalSection
EndGlobal
