
Microsoft Visual Studio Solution File, Format Version 12.00
# Visual Studio Version 17
VisualStudioVersion = 17.4.33213.308
MinimumVisualStudioVersion = 10.0.40219.1
Project("{FAE04EC0-301F-11D3-BF4B-00C04F79EFBC}") = "3DPoint", "3DPoint.csproj", "{A237EB81-5E29-45FE-846A-0FE706A58DA3}"
EndProject
Global
	GlobalSection(SolutionConfigurationPlatforms) = preSolution
		Debug|Any CPU = Debug|Any CPU
		Release|Any CPU = Release|Any CPU
	EndGlobalSection
	GlobalSection(ProjectConfigurationPlatforms) = postSolution
		{A237EB81-5E29-45FE-846A-0FE706A58DA3}.Debug|Any CPU.ActiveCfg = Debug|Any CPU
		{A237EB81-5E29-45FE-846A-0FE706A58DA3}.Debug|Any CPU.Build.0 = Debug|Any CPU
		{A237EB81-5E29-45FE-846A-0FE706A58DA3}.Release|Any CPU.ActiveCfg = Release|Any CPU
		{A237EB81-5E29-45FE-846A-0FE706A58DA3}.Release|Any CPU.Build.0 = Release|Any CPU
	EndGlobalSection
	GlobalSection(SolutionProperties) = preSolution
		HideSolutionNode = FALSE
	EndGlobalSection
	GlobalSection(ExtensibilityGlobals) = postSolution
		SolutionGuid = {9252BAF4-15C9-4F9D-9E1D-272D9A73694C}
	EndGlobalSection
EndGlobal
