
Microsoft Visual Studio Solution File, Format Version 12.00
# Visual Studio Version 17
VisualStudioVersion = 17.4.33213.308
MinimumVisualStudioVersion = 10.0.40219.1
Project("{FAE04EC0-301F-11D3-BF4B-00C04F79EFBC}") = "linq", "linq.csproj", "{5EA9E2B8-3886-418E-A8E4-E2DAD6EC6701}"
EndProject
Global
	GlobalSection(SolutionConfigurationPlatforms) = preSolution
		Debug|Any CPU = Debug|Any CPU
		Release|Any CPU = Release|Any CPU
	EndGlobalSection
	GlobalSection(ProjectConfigurationPlatforms) = postSolution
		{5EA9E2B8-3886-418E-A8E4-E2DAD6EC6701}.Debug|Any CPU.ActiveCfg = Debug|Any CPU
		{5EA9E2B8-3886-418E-A8E4-E2DAD6EC6701}.Debug|Any CPU.Build.0 = Debug|Any CPU
		{5EA9E2B8-3886-418E-A8E4-E2DAD6EC6701}.Release|Any CPU.ActiveCfg = Release|Any CPU
		{5EA9E2B8-3886-418E-A8E4-E2DAD6EC6701}.Release|Any CPU.Build.0 = Release|Any CPU
	EndGlobalSection
	GlobalSection(SolutionProperties) = preSolution
		HideSolutionNode = FALSE
	EndGlobalSection
	GlobalSection(ExtensibilityGlobals) = postSolution
		SolutionGuid = {F2562247-91CC-4C91-80E3-CFF314365190}
	EndGlobalSection
EndGlobal
