
Microsoft Visual Studio Solution File, Format Version 12.00
# Visual Studio Version 17
VisualStudioVersion = 17.4.33213.308
MinimumVisualStudioVersion = 10.0.40219.1
Project("{9A19103F-16F7-4668-BE54-9A1E7A4F7556}") = "GridView", "GridView.csproj", "{FBECFAF7-EBB3-492B-81C1-F841C4C7C1D0}"
EndProject
Project("{FAE04EC0-301F-11D3-BF4B-00C04F79EFBC}") = "DetailedForm", "..\DetailedForm\DetailedForm.csproj", "{FF48F408-E94A-4A14-9614-44C5B4E429E6}"
EndProject
Global
	GlobalSection(SolutionConfigurationPlatforms) = preSolution
		Debug|Any CPU = Debug|Any CPU
		Release|Any CPU = Release|Any CPU
	EndGlobalSection
	GlobalSection(ProjectConfigurationPlatforms) = postSolution
		{FBECFAF7-EBB3-492B-81C1-F841C4C7C1D0}.Debug|Any CPU.ActiveCfg = Debug|Any CPU
		{FBECFAF7-EBB3-492B-81C1-F841C4C7C1D0}.Debug|Any CPU.Build.0 = Debug|Any CPU
		{FBECFAF7-EBB3-492B-81C1-F841C4C7C1D0}.Release|Any CPU.ActiveCfg = Release|Any CPU
		{FBECFAF7-EBB3-492B-81C1-F841C4C7C1D0}.Release|Any CPU.Build.0 = Release|Any CPU
		{FF48F408-E94A-4A14-9614-44C5B4E429E6}.Debug|Any CPU.ActiveCfg = Debug|Any CPU
		{FF48F408-E94A-4A14-9614-44C5B4E429E6}.Debug|Any CPU.Build.0 = Debug|Any CPU
		{FF48F408-E94A-4A14-9614-44C5B4E429E6}.Release|Any CPU.ActiveCfg = Release|Any CPU
		{FF48F408-E94A-4A14-9614-44C5B4E429E6}.Release|Any CPU.Build.0 = Release|Any CPU
	EndGlobalSection
	GlobalSection(SolutionProperties) = preSolution
		HideSolutionNode = FALSE
	EndGlobalSection
	GlobalSection(ExtensibilityGlobals) = postSolution
		SolutionGuid = {06BAC1AF-9D98-463B-92FF-4A1AFB087074}
	EndGlobalSection
EndGlobal
